lockfileVersion: '6.0'

settings:
  autoInstallPeers: true
  excludeLinksFromLockfile: false

dependencies:
  '@material-design-icons/svg':
    specifier: ^0.14.13
    version: 0.14.13

packages:

  /@material-design-icons/svg@0.14.13:
    resolution: {integrity: sha512-nCExGZOtoLoFeeqShEOM4XA9DkkLzLlQdk/ZxHxps0//dz6e1Lw3fvQbZ2X/+0Dz2O+udiEukfZ4Nd4KpHg8aA==}
    dev: false
